{
  "requires": true,
  "lockfileVersion": 1,
  "dependencies": {
    "vue-chat-scroll": {
      "version": "1.3.3",
      "resolved": "https://registry.npmjs.org/vue-chat-scroll/-/vue-chat-scroll-1.3.3.tgz",
      "integrity": "sha512-/8KSNhvSbRnPMOBRUxsurEo7ciLGjmbHzXnYNUULJrvCkdY2yjXGc6L6JOibZXMb2IxIBwssB566k1TS6jPWyA=="
    }
  }
}
